
Microsoft Visual Studio Solution File, Format Version 12.00
# Visual Studio Version 16
VisualStudioVersion = 16.0.29403.142
MinimumVisualStudioVersion = 10.0.40219.1
Project("{FAE04EC0-301F-11D3-BF4B-00C04F79EFBC}") = "ReflectionExample", "ReflectionExample\ReflectionExample.csproj", "{B04437B4-8714-4DC5-9B7D-878EAF5ABECA}"
EndProject
Global
	GlobalSection(SolutionConfigurationPlatforms) = preSolution
		Debug|Any CPU = Debug|Any CPU
		Release|Any CPU = Release|Any CPU
	EndGlobalSection
	GlobalSection(ProjectConfigurationPlatforms) = postSolution
		{B04437B4-8714-4DC5-9B7D-878EAF5ABECA}.Debug|Any CPU.ActiveCfg = Debug|Any CPU
		{B04437B4-8714-4DC5-9B7D-878EAF5ABECA}.Debug|Any CPU.Build.0 = Debug|Any CPU
		{B04437B4-8714-4DC5-9B7D-878EAF5ABECA}.Release|Any CPU.ActiveCfg = Release|Any CPU
		{B04437B4-8714-4DC5-9B7D-878EAF5ABECA}.Release|Any CPU.Build.0 = Release|Any CPU
	EndGlobalSection
	GlobalSection(SolutionProperties) = preSolution
		HideSolutionNode = FALSE
	EndGlobalSection
	GlobalSection(ExtensibilityGlobals) = postSolution
		SolutionGuid = {BED8E9CA-EE78-4B7C-968B-7D2D507340FB}
	EndGlobalSection
EndGlobal
